Microsoft Visual Studio Solution File, Format Version 12.00
# Visual Studio Version 17
VisualStudioVersion = 17.13.35913.81
MinimumVisualStudioVersion = 10.0.40219.1
Project("{FAE04EC0-301F-11D3-BF4B-00C04F79EFBC}") = "Portal", "Portal\Portal.csproj", "{80A55A67-CC1D-4B4A-8489-8BA2AE705BCE}"
EndProject
Project("{FAE04EC0-301F-11D3-BF4B-00C04F79EFBC}") = "LacrmIntegrationAPI", "LacrmIntegrationAPI\LacrmIntegrationAPI.csproj", "{8D8F4CE5-ADF5-4BFC-BA0C-CCCB01D3F397}"
EndProject
Project("{FAE04EC0-301F-11D3-BF4B-00C04F79EFBC}") = "LacrmIntegration.Application", "LacrmIntegration.Application\LacrmIntegration.Application.csproj", "{85989C4B-D08B-4E3D-B1E7-7BE062438BA9}"
EndProject
Project("{2150E333-8FDC-42A3-9474-1A3956D46DE8}") = "Api", "Api", "{02EA681E-C7D8-13C7-8484-4AC65E1B71E8}"
EndProject
Project("{2150E333-8FDC-42A3-9474-1A3956D46DE8}") = "Application", "Application", "{60C1484F-2156-4CD0-9BCE-04CEC7B9AEAC}"
EndProject
Project("{FAE04EC0-301F-11D3-BF4B-00C04F79EFBC}") = "LacrmIntegration.Application.Tests", "LacrmIntegration.Application.Tests\LacrmIntegration.Application.Tests.csproj", "{A04D87A5-87DE-472E-B7DB-518F0ED6125F}"
EndProject
Global
	GlobalSection(SolutionConfigurationPlatforms) = preSolution
		Debug|Any CPU = Debug|Any CPU
		Release|Any CPU = Release|Any CPU
	EndGlobalSection
	GlobalSection(ProjectConfigurationPlatforms) = postSolution
		{80A55A67-CC1D-4B4A-8489-8BA2AE705BCE}.Debug|Any CPU.ActiveCfg = Debug|Any CPU
		{80A55A67-CC1D-4B4A-8489-8BA2AE705BCE}.Debug|Any CPU.Build.0 = Debug|Any CPU
		{80A55A67-CC1D-4B4A-8489-8BA2AE705BCE}.Release|Any CPU.ActiveCfg = Release|Any CPU
		{80A55A67-CC1D-4B4A-8489-8BA2AE705BCE}.Release|Any CPU.Build.0 = Release|Any CPU
		{8D8F4CE5-ADF5-4BFC-BA0C-CCCB01D3F397}.Debug|Any CPU.ActiveCfg = Debug|Any CPU
		{8D8F4CE5-ADF5-4BFC-BA0C-CCCB01D3F397}.Debug|Any CPU.Build.0 = Debug|Any CPU
		{8D8F4CE5-ADF5-4BFC-BA0C-CCCB01D3F397}.Release|Any CPU.ActiveCfg = Release|Any CPU
		{8D8F4CE5-ADF5-4BFC-BA0C-CCCB01D3F397}.Release|Any CPU.Build.0 = Release|Any CPU
		{85989C4B-D08B-4E3D-B1E7-7BE062438BA9}.Debug|Any CPU.ActiveCfg = Debug|Any CPU
		{85989C4B-D08B-4E3D-B1E7-7BE062438BA9}.Debug|Any CPU.Build.0 = Debug|Any CPU
		{85989C4B-D08B-4E3D-B1E7-7BE062438BA9}.Release|Any CPU.ActiveCfg = Release|Any CPU
		{85989C4B-D08B-4E3D-B1E7-7BE062438BA9}.Release|Any CPU.Build.0 = Release|Any CPU
		{A04D87A5-87DE-472E-B7DB-518F0ED6125F}.Debug|Any CPU.ActiveCfg = Debug|Any CPU
		{A04D87A5-87DE-472E-B7DB-518F0ED6125F}.Debug|Any CPU.Build.0 = Debug|Any CPU
		{A04D87A5-87DE-472E-B7DB-518F0ED6125F}.Release|Any CPU.ActiveCfg = Release|Any CPU
		{A04D87A5-87DE-472E-B7DB-518F0ED6125F}.Release|Any CPU.Build.0 = Release|Any CPU
	EndGlobalSection
	GlobalSection(SolutionProperties) = preSolution
		HideSolutionNode = FALSE
	EndGlobalSection
	GlobalSection(NestedProjects) = preSolution
		{8D8F4CE5-ADF5-4BFC-BA0C-CCCB01D3F397} = {02EA681E-C7D8-13C7-8484-4AC65E1B71E8}
		{85989C4B-D08B-4E3D-B1E7-7BE062438BA9} = {60C1484F-2156-4CD0-9BCE-04CEC7B9AEAC}
	EndGlobalSection
	GlobalSection(ExtensibilityGlobals) = postSolution
		SolutionGuid = {0B5F535C-0E81-44DF-9D06-D1ACF495B6E2}
	EndGlobalSection
EndGlobal
